// !$*UTF8*$!
{
	archiveVersion = 1;
	classes = {
	};
	objectVersion = 56;
	objects = {

/* Begin PBXBuildFile section */
		B2EA08F52C7F4E5400E214B6 /* AeroKit.docc in Sources */ = {isa = PBXBuildFile; fileRef = B2EA08F42C7F4E5400E214B6 /* AeroKit.docc */; };
		B2EA08FB2C7F4E5400E214B6 /* AeroKit.framework in Frameworks */ = {isa = PBXBuildFile; fileRef = B2EA08F02C7F4E5400E214B6 /* AeroKit.framework */; };
		B2EA09002C7F4E5400E214B6 /* AeroKitTests.swift in Sources */ = {isa = PBXBuildFile; fileRef = B2EA08FF2C7F4E5400E214B6 /* AeroKitTests.swift */; };
		B2EA09012C7F4E5400E214B6 /* AeroKit.h in Headers */ = {isa = PBXBuildFile; fileRef = B2EA08F32C7F4E5400E214B6 /* AeroKit.h */; settings = {ATTRIBUTES = (Public, ); }; };
/* End PBXBuildFile section */

/* Begin PBXContainerItemProxy section */
		B2EA08FC2C7F4E5400E214B6 /* PBXContainerItemProxy */ = {
			isa = PBXContainerItemProxy;
			containerPortal = B2EA08E72C7F4E5400E214B6 /* Project object */;
			proxyType = 1;
			remoteGlobalIDString = B2EA08EF2C7F4E5400E214B6;
			remoteInfo = AeroKit;
		};
/* End PBXContainerItemProxy section */

/* Begin PBXFileReference section */
		B2EA08F02C7F4E5400E214B6 /* AeroKit.framework */ = {isa = PBXFileReference; explicitFileType = wrapper.framework; includeInIndex = 0; path = AeroKit.framework; sourceTree = BUILT_PRODUCTS_DIR; };
		B2EA08F32C7F4E5400E214B6 /* AeroKit.h */ = {isa = PBXFileReference; lastKnownFileType = sourcecode.c.h; path = AeroKit.h; sourceTree = "<group>"; };
		B2EA08F42C7F4E5400E214B6 /* AeroKit.docc */ = {isa = PBXFileReference; lastKnownFileType = folder.documentationcatalog; path = AeroKit.docc; sourceTree = "<group>"; };
		B2EA08FA2C7F4E5400E214B6 /* AeroKitTests.xctest */ = {isa = PBXFileReference; explicitFileType = wrapper.cfbundle; includeInIndex = 0; path = AeroKitTests.xctest; sourceTree = BUILT_PRODUCTS_DIR; };
		B2EA08FF2C7F4E5400E214B6 /* AeroKitTests.swift */ = {isa = PBXFileReference; lastKnownFileType = sourcecode.swift; path = AeroKitTests.swift; sourceTree = "<group>"; };
/* End PBXFileReference section */

/* Begin PBXFrameworksBuildPhase section */
		B2EA08ED2C7F4E5400E214B6 /* Frameworks */ = {
			isa = PBXFrameworksBuildPhase;
			buildActionMask = 2147483647;
			files = (
			);
			runOnlyForDeploymentPostprocessing = 0;
		};
		B2EA08F72C7F4E5400E214B6 /* Frameworks */ = {
			isa = PBXFrameworksBuildPhase;
			buildActionMask = 2147483647;
			files = (
				B2EA08FB2C7F4E5400E214B6 /* AeroKit.framework in Frameworks */,
			);
			runOnlyForDeploymentPostprocessing = 0;
		};
/* End PBXFrameworksBuildPhase section */

/* Begin PBXGroup section */
		B2EA08E62C7F4E5400E214B6 = {
			isa = PBXGroup;
			children = (
				B2EA08F22C7F4E5400E214B6 /* AeroKit */,
				B2EA08FE2C7F4E5400E214B6 /* AeroKitTests */,
				B2EA08F12C7F4E5400E214B6 /* Products */,
			);
			sourceTree = "<group>";
		};
		B2EA08F12C7F4E5400E214B6 /* Products */ = {
			isa = PBXGroup;
			children = (
				B2EA08F02C7F4E5400E214B6 /* AeroKit.framework */,
				B2EA08FA2C7F4E5400E214B6 /* AeroKitTests.xctest */,
			);
			name = Products;
			sourceTree = "<group>";
		};
		B2EA08F22C7F4E5400E214B6 /* AeroKit */ = {
			isa = PBXGroup;
			children = (
				B2EA08F32C7F4E5400E214B6 /* AeroKit.h */,
				B2EA08F42C7F4E5400E214B6 /* AeroKit.docc */,
			);
			path = AeroKit;
			sourceTree = "<group>";
		};
		B2EA08FE2C7F4E5400E214B6 /* AeroKitTests */ = {
			isa = PBXGroup;
			children = (
				B2EA08FF2C7F4E5400E214B6 /* AeroKitTests.swift */,
			);
			path = AeroKitTests;
			sourceTree = "<group>";
		};
/* End PBXGroup section */

/* Begin PBXHeadersBuildPhase section */
		B2EA08EB2C7F4E5400E214B6 /* Headers */ = {
			isa = PBXHeadersBuildPhase;
			buildActionMask = 2147483647;
			files = (
				B2EA09012C7F4E5400E214B6 /* AeroKit.h in Headers */,
			);
			runOnlyForDeploymentPostprocessing = 0;
		};
/* End PBXHeadersBuildPhase section */

/* Begin PBXNativeTarget section */
		B2EA08EF2C7F4E5400E214B6 /* AeroKit */ = {
			isa = PBXNativeTarget;
			buildConfigurationList = B2EA09042C7F4E5400E214B6 /* Build configuration list for PBXNativeTarget "AeroKit" */;
			buildPhases = (
				B2EA08EB2C7F4E5400E214B6 /* Headers */,
				B2EA08EC2C7F4E5400E214B6 /* Sources */,
				B2EA08ED2C7F4E5400E214B6 /* Frameworks */,
				B2EA08EE2C7F4E5400E214B6 /* Resources */,
			);
			buildRules = (
			);
			dependencies = (
			);
			name = AeroKit;
			productName = AeroKit;
			productReference = B2EA08F02C7F4E5400E214B6 /* AeroKit.framework */;
			productType = "com.apple.product-type.framework";
		};
		B2EA08F92C7F4E5400E214B6 /* AeroKitTests */ = {
			isa = PBXNativeTarget;
			buildConfigurationList = B2EA09072C7F4E5400E214B6 /* Build configuration list for PBXNativeTarget "AeroKitTests" */;
			buildPhases = (
				B2EA08F62C7F4E5400E214B6 /* Sources */,
				B2EA08F72C7F4E5400E214B6 /* Frameworks */,
				B2EA08F82C7F4E5400E214B6 /* Resources */,
			);
			buildRules = (
			);
			dependencies = (
				B2EA08FD2C7F4E5400E214B6 /* PBXTargetDependency */,
			);
			name = AeroKitTests;
			productName = AeroKitTests;
			productReference = B2EA08FA2C7F4E5400E214B6 /* AeroKitTests.xctest */;
			productType = "com.apple.product-type.bundle.unit-test";
		};
/* End PBXNativeTarget section */

/* Begin PBXProject section */
		B2EA08E72C7F4E5400E214B6 /* Project object */ = {
			isa = PBXProject;
			attributes = {
				BuildIndependentTargetsInParallel = 1;
				LastSwiftUpdateCheck = 1510;
				LastUpgradeCheck = 1510;
				TargetAttributes = {
					B2EA08EF2C7F4E5400E214B6 = {
						CreatedOnToolsVersion = 15.1;
					};
					B2EA08F92C7F4E5400E214B6 = {
						CreatedOnToolsVersion = 15.1;
					};
				};
			};
			buildConfigurationList = B2EA08EA2C7F4E5400E214B6 /* Build configuration list for PBXProject "AeroKit" */;
			compatibilityVersion = "Xcode 14.0";
			developmentRegion = en;
			hasScannedForEncodings = 0;
			knownRegions = (
				en,
				Base,
			);
			mainGroup = B2EA08E62C7F4E5400E214B6;
			productRefGroup = B2EA08F12C7F4E5400E214B6 /* Products */;
			projectDirPath = "";
			projectRoot = "";
			targets = (
				B2EA08EF2C7F4E5400E214B6 /* AeroKit */,
				B2EA08F92C7F4E5400E214B6 /* AeroKitTests */,
			);
		};
/* End PBXProject section */

/* Begin PBXResourcesBuildPhase section */
		B2EA08EE2C7F4E5400E214B6 /* Resources */ = {
			isa = PBXResourcesBuildPhase;
			buildActionMask = 2147483647;
			files = (
			);
			runOnlyForDeploymentPostprocessing = 0;
		};
		B2EA08F82C7F4E5400E214B6 /* Resources */ = {
			isa = PBXResourcesBuildPhase;
			buildActionMask = 2147483647;
			files = (
			);
			runOnlyForDeploymentPostprocessing = 0;
		};
/* End PBXResourcesBuildPhase section */

/* Begin PBXSourcesBuildPhase section */
		B2EA08EC2C7F4E5400E214B6 /* Sources */ = {
			isa = PBXSourcesBuildPhase;
			buildActionMask = 2147483647;
			files = (
				B2EA08F52C7F4E5400E214B6 /* AeroKit.docc in Sources */,
			);
			runOnlyForDeploymentPostprocessing = 0;
		};
		B2EA08F62C7F4E5400E214B6 /* Sources */ = {
			isa = PBXSourcesBuildPhase;
			buildActionMask = 2147483647;
			files = (
				B2EA09002C7F4E5400E214B6 /* AeroKitTests.swift in Sources */,
			);
			runOnlyForDeploymentPostprocessing = 0;
		};
/* End PBXSourcesBuildPhase section */

/* Begin PBXTargetDependency section */
		B2EA08FD2C7F4E5400E214B6 /* PBXTargetDependency */ = {
			isa = PBXTargetDependency;
			target = B2EA08EF2C7F4E5400E214B6 /* AeroKit */;
			targetProxy = B2EA08FC2C7F4E5400E214B6 /* PBXContainerItemProxy */;
		};
/* End PBXTargetDependency section */

/* Begin XCBuildConfiguration section */
		B2EA09022C7F4E5400E214B6 /* Debug */ = {
			isa = XCBuildConfiguration;
			buildSettings = {
				ALWAYS_SEARCH_USER_PATHS = NO;
				ASSETCATALOG_COMPILER_GENERATE_SWIFT_ASSET_SYMBOL_EXTENSIONS = YES;
				CLANG_ANALYZER_NONNULL = YES;
				CLANG_ANALYZER_NUMBER_OBJECT_CONVERSION = YES_AGGRESSIVE;
				CLANG_CXX_LANGUAGE_STANDARD = "gnu++20";
				CLANG_ENABLE_MODULES = YES;
				CLANG_ENABLE_OBJC_ARC = YES;
				CLANG_ENABLE_OBJC_WEAK = YES;
				CLANG_WARN_BLOCK_CAPTURE_AUTORELEASING = YES;
				CLANG_WARN_BOOL_CONVERSION = YES;
				CLANG_WARN_COMMA = YES;
				CLANG_WARN_CONSTANT_CONVERSION = YES;
				CLANG_WARN_DEPRECATED_OBJC_IMPLEMENTATIONS = YES;
				CLANG_WARN_DIRECT_OBJC_ISA_USAGE = YES_ERROR;
				CLANG_WARN_DOCUMENTATION_COMMENTS = YES;
				CLANG_WARN_EMPTY_BODY = YES;
				CLANG_WARN_ENUM_CONVERSION = YES;
				CLANG_WARN_INFINITE_RECURSION = YES;
				CLANG_WARN_INT_CONVERSION = YES;
				CLANG_WARN_NON_LITERAL_NULL_CONVERSION = YES;
				CLANG_WARN_OBJC_IMPLICIT_RETAIN_SELF = YES;
				CLANG_WARN_OBJC_LITERAL_CONVERSION = YES;
				CLANG_WARN_OBJC_ROOT_CLASS = YES_ERROR;
				CLANG_WARN_QUOTED_INCLUDE_IN_FRAMEWORK_HEADER = YES;
				CLANG_WARN_RANGE_LOOP_ANALYSIS = YES;
				CLANG_WARN_STRICT_PROTOTYPES = YES;
				CLANG_WARN_SUSPICIOUS_MOVE = YES;
				CLANG_WARN_UNGUARDED_AVAILABILITY = YES_AGGRESSIVE;
				CLANG_WARN_UNREACHABLE_CODE = YES;
				CLANG_WARN__DUPLICATE_METHOD_MATCH = YES;
				COPY_PHASE_STRIP = NO;
				CURRENT_PROJECT_VERSION = 1;
				DEBUG_INFORMATION_FORMAT = dwarf;
				ENABLE_STRICT_OBJC_MSGSEND = YES;
				ENABLE_TESTABILITY = YES;
				ENABLE_USER_SCRIPT_SANDBOXING = YES;
				GCC_C_LANGUAGE_STANDARD = gnu17;
				GCC_DYNAMIC_NO_PIC = NO;
				GCC_NO_COMMON_BLOCKS = YES;
				GCC_OPTIMIZATION_LEVEL = 0;
				GCC_PREPROCESSOR_DEFINITIONS = (
					"DEBUG=1",
					"$(inherited)",
				);
				GCC_WARN_64_TO_32_BIT_CONVERSION = YES;
				GCC_WARN_ABOUT_RETURN_TYPE = YES_ERROR;
				GCC_WARN_UNDECLARED_SELECTOR = YES;
				GCC_WARN_UNINITIALIZED_AUTOS = YES_AGGRESSIVE;
				GCC_WARN_UNUSED_FUNCTION = YES;
				GCC_WARN_UNUSED_VARIABLE = YES;
				LOCALIZATION_PREFERS_STRING_CATALOGS = YES;
				MACOSX_DEPLOYMENT_TARGET = 13.6;
				MTL_ENABLE_DEBUG_INFO = INCLUDE_SOURCE;
				MTL_FAST_MATH = YES;
				ONLY_ACTIVE_ARCH = YES;
				SDKROOT = macosx;
				SWIFT_ACTIVE_COMPILATION_CONDITIONS = "DEBUG $(inherited)";
				SWIFT_OPTIMIZATION_LEVEL = "-Onone";
				VERSIONING_SYSTEM = "apple-generic";
				VERSION_INFO_PREFIX = "";
			};
			name = Debug;
		};
		B2EA09032C7F4E5400E214B6 /* Release */ = {
			isa = XCBuildConfiguration;
			buildSettings = {
				ALWAYS_SEARCH_USER_PATHS = NO;
				ASSETCATALOG_COMPILER_GENERATE_SWIFT_ASSET_SYMBOL_EXTENSIONS = YES;
				CLANG_ANALYZER_NONNULL = YES;
				CLANG_ANALYZER_NUMBER_OBJECT_CONVERSION = YES_AGGRESSIVE;
				CLANG_CXX_LANGUAGE_STANDARD = "gnu++20";
				CLANG_ENABLE_MODULES = YES;
				CLANG_ENABLE_OBJC_ARC = YES;
				CLANG_ENABLE_OBJC_WEAK = YES;
				CLANG_WARN_BLOCK_CAPTURE_AUTORELEASING = YES;
				CLANG_WARN_BOOL_CONVERSION = YES;
				CLANG_WARN_COMMA = YES;
				CLANG_WARN_CONSTANT_CONVERSION = YES;
				CLANG_WARN_DEPRECATED_OBJC_IMPLEMENTATIONS = YES;
				CLANG_WARN_DIRECT_OBJC_ISA_USAGE = YES_ERROR;
				CLANG_WARN_DOCUMENTATION_COMMENTS = YES;
				CLANG_WARN_EMPTY_BODY = YES;
				CLANG_WARN_ENUM_CONVERSION = YES;
				CLANG_WARN_INFINITE_RECURSION = YES;
				CLANG_WARN_INT_CONVERSION = YES;
				CLANG_WARN_NON_LITERAL_NULL_CONVERSION = YES;
				CLANG_WARN_OBJC_IMPLICIT_RETAIN_SELF = YES;
				CLANG_WARN_OBJC_LITERAL_CONVERSION = YES;
				CLANG_WARN_OBJC_ROOT_CLASS = YES_ERROR;
				CLANG_WARN_QUOTED_INCLUDE_IN_FRAMEWORK_HEADER = YES;
				CLANG_WARN_RANGE_LOOP_ANALYSIS = YES;
				CLANG_WARN_STRICT_PROTOTYPES = YES;
				CLANG_WARN_SUSPICIOUS_MOVE = YES;
				CLANG_WARN_UNGUARDED_AVAILABILITY = YES_AGGRESSIVE;
				CLANG_WARN_UNREACHABLE_CODE = YES;
				CLANG_WARN__DUPLICATE_METHOD_MATCH = YES;
				COPY_PHASE_STRIP = NO;
				CURRENT_PROJECT_VERSION = 1;
				DEBUG_INFORMATION_FORMAT = "dwarf-with-dsym";
				ENABLE_NS_ASSERTIONS = NO;
				ENABLE_STRICT_OBJC_MSGSEND = YES;
				ENABLE_USER_SCRIPT_SANDBOXING = YES;
				GCC_C_LANGUAGE_STANDARD = gnu17;
				GCC_NO_COMMON_BLOCKS = YES;
				GCC_WARN_64_TO_32_BIT_CONVERSION = YES;
				GCC_WARN_ABOUT_RETURN_TYPE = YES_ERROR;
				GCC_WARN_UNDECLARED_SELECTOR = YES;
				GCC_WARN_UNINITIALIZED_AUTOS = YES_AGGRESSIVE;
				GCC_WARN_UNUSED_FUNCTION = YES;
				GCC_WARN_UNUSED_VARIABLE = YES;
				LOCALIZATION_PREFERS_STRING_CATALOGS = YES;
				MACOSX_DEPLOYMENT_TARGET = 13.6;
				MTL_ENABLE_DEBUG_INFO = NO;
				MTL_FAST_MATH = YES;
				SDKROOT = macosx;
				SWIFT_COMPILATION_MODE = wholemodule;
				VERSIONING_SYSTEM = "apple-generic";
				VERSION_INFO_PREFIX = "";
			};
			name = Release;
		};
		B2EA09052C7F4E5400E214B6 /* Debug */ = {
			isa = XCBuildConfiguration;
			buildSettings = {
				CODE_SIGN_STYLE = Automatic;
				COMBINE_HIDPI_IMAGES = YES;
				CURRENT_PROJECT_VERSION = 1;
				DEFINES_MODULE = YES;
				DEVELOPMENT_TEAM = UGT9K2LTQ3;
				DYLIB_COMPATIBILITY_VERSION = 1;
				DYLIB_CURRENT_VERSION = 1;
				DYLIB_INSTALL_NAME_BASE = "@rpath";
				ENABLE_MODULE_VERIFIER = YES;
				GENERATE_INFOPLIST_FILE = YES;
				INFOPLIST_KEY_NSHumanReadableCopyright = "";
				INSTALL_PATH = "$(LOCAL_LIBRARY_DIR)/Frameworks";
				LD_RUNPATH_SEARCH_PATHS = (
					"$(inherited)",
					"@executable_path/../Frameworks",
					"@loader_path/Frameworks",
				);
				MARKETING_VERSION = 1.0;
				MODULE_VERIFIER_SUPPORTED_LANGUAGES = "objective-c objective-c++";
				MODULE_VERIFIER_SUPPORTED_LANGUAGE_STANDARDS = "gnu17 gnu++20";
				PRODUCT_BUNDLE_IDENTIFIER = DannyFeng.AeroKit;
				PRODUCT_NAME = "$(TARGET_NAME:c99extidentifier)";
				SKIP_INSTALL = YES;
				SWIFT_EMIT_LOC_STRINGS = YES;
				SWIFT_VERSION = 5.0;
			};
			name = Debug;
		};
		B2EA09062C7F4E5400E214B6 /* Release */ = {
			isa = XCBuildConfiguration;
			buildSettings = {
				CODE_SIGN_STYLE = Automatic;
				COMBINE_HIDPI_IMAGES = YES;
				CURRENT_PROJECT_VERSION = 1;
				DEFINES_MODULE = YES;
				DEVELOPMENT_TEAM = UGT9K2LTQ3;
				DYLIB_COMPATIBILITY_VERSION = 1;
				DYLIB_CURRENT_VERSION = 1;
				DYLIB_INSTALL_NAME_BASE = "@rpath";
				ENABLE_MODULE_VERIFIER = YES;
				GENERATE_INFOPLIST_FILE = YES;
				INFOPLIST_KEY_NSHumanReadableCopyright = "";
				INSTALL_PATH = "$(LOCAL_LIBRARY_DIR)/Frameworks";
				LD_RUNPATH_SEARCH_PATHS = (
					"$(inherited)",
					"@executable_path/../Frameworks",
					"@loader_path/Frameworks",
				);
				MARKETING_VERSION = 1.0;
				MODULE_VERIFIER_SUPPORTED_LANGUAGES = "objective-c objective-c++";
				MODULE_VERIFIER_SUPPORTED_LANGUAGE_STANDARDS = "gnu17 gnu++20";
				PRODUCT_BUNDLE_IDENTIFIER = DannyFeng.AeroKit;
				PRODUCT_NAME = "$(TARGET_NAME:c99extidentifier)";
				SKIP_INSTALL = YES;
				SWIFT_EMIT_LOC_STRINGS = YES;
				SWIFT_VERSION = 5.0;
			};
			name = Release;
		};
		B2EA09082C7F4E5400E214B6 /* Debug */ = {
			isa = XCBuildConfiguration;
			buildSettings = {
				CODE_SIGN_STYLE = Automatic;
				CURRENT_PROJECT_VERSION = 1;
				DEVELOPMENT_TEAM = UGT9K2LTQ3;
				GENERATE_INFOPLIST_FILE = YES;
				MARKETING_VERSION = 1.0;
				PRODUCT_BUNDLE_IDENTIFIER = DannyFeng.AeroKitTests;
				PRODUCT_NAME = "$(TARGET_NAME)";
				SWIFT_EMIT_LOC_STRINGS = NO;
				SWIFT_VERSION = 5.0;
			};
			name = Debug;
		};
		B2EA09092C7F4E5400E214B6 /* Release */ = {
			isa = XCBuildConfiguration;
			buildSettings = {
				CODE_SIGN_STYLE = Automatic;
				CURRENT_PROJECT_VERSION = 1;
				DEVELOPMENT_TEAM = UGT9K2LTQ3;
				GENERATE_INFOPLIST_FILE = YES;
				MARKETING_VERSION = 1.0;
				PRODUCT_BUNDLE_IDENTIFIER = DannyFeng.AeroKitTests;
				PRODUCT_NAME = "$(TARGET_NAME)";
				SWIFT_EMIT_LOC_STRINGS = NO;
				SWIFT_VERSION = 5.0;
			};
			name = Release;
		};
/* End XCBuildConfiguration section */

/* Begin XCConfigurationList section */
		B2EA08EA2C7F4E5400E214B6 /* Build configuration list for PBXProject "AeroKit" */ = {
			isa = XCConfigurationList;
			buildConfigurations = (
				B2EA09022C7F4E5400E214B6 /* Debug */,
				B2EA09032C7F4E5400E214B6 /* Release */,
			);
			defaultConfigurationIsVisible = 0;
			defaultConfigurationName = Release;
		};
		B2EA09042C7F4E5400E214B6 /* Build configuration list for PBXNativeTarget "AeroKit" */ = {
			isa = XCConfigurationList;
			buildConfigurations = (
				B2EA09052C7F4E5400E214B6 /* Debug */,
				B2EA09062C7F4E5400E214B6 /* Release */,
			);
			defaultConfigurationIsVisible = 0;
			defaultConfigurationName = Release;
		};
		B2EA09072C7F4E5400E214B6 /* Build configuration list for PBXNativeTarget "AeroKitTests" */ = {
			isa = XCConfigurationList;
			buildConfigurations = (
				B2EA09082C7F4E5400E214B6 /* Debug */,
				B2EA09092C7F4E5400E214B6 /* Release */,
			);
			defaultConfigurationIsVisible = 0;
			defaultConfigurationName = Release;
		};
/* End XCConfigurationList section */
	};
	rootObject = B2EA08E72C7F4E5400E214B6 /* Project object */;
}
